// !$*UTF8*$!
{
	archiveVersion = 1;
	classes = {
	};
	objectVersion = 46;
	objects = {

/* Begin PBXBuildFile section */
		8228D56F59AEA5FFDA9BA13F /* Pods_Omojan.framework in Frameworks */ = {isa = PBXBuildFile; fileRef = 059BDAFEA7113926CFA8B6F3 /* Pods_Omojan.framework */; settings = {ATTRIBUTES = (Weak, ); }; };
		9A25156D1A6A6C1000BBA3A5 /* AppDelegate.swift in Sources */ = {isa = PBXBuildFile; fileRef = 9A25156C1A6A6C1000BBA3A5 /* AppDelegate.swift */; };
		9A25156F1A6A6C1000BBA3A5 /* ViewController.swift in Sources */ = {isa = PBXBuildFile; fileRef = 9A25156E1A6A6C1000BBA3A5 /* ViewController.swift */; };
		9A2515721A6A6C1000BBA3A5 /* Main.storyboard in Resources */ = {isa = PBXBuildFile; fileRef = 9A2515701A6A6C1000BBA3A5 /* Main.storyboard */; };
		9A2515741A6A6C1000BBA3A5 /* Images.xcassets in Resources */ = {isa = PBXBuildFile; fileRef = 9A2515731A6A6C1000BBA3A5 /* Images.xcassets */; };
		9A2515771A6A6C1000BBA3A5 /* LaunchScreen.xib in Resources */ = {isa = PBXBuildFile; fileRef = 9A2515751A6A6C1000BBA3A5 /* LaunchScreen.xib */; };
		9A2515831A6A6C1000BBA3A5 /* OmojanTests.swift in Sources */ = {isa = PBXBuildFile; fileRef = 9A2515821A6A6C1000BBA3A5 /* OmojanTests.swift */; };
		9A2515901A6A89DC00BBA3A5 /* pie.png in Resources */ = {isa = PBXBuildFile; fileRef = 9A25158F1A6A89DC00BBA3A5 /* pie.png */; };
		9A5B25721A7CF1F800CCB0B4 /* Pie.json in Resources */ = {isa = PBXBuildFile; fileRef = 9A5B25711A7CF1F800CCB0B4 /* Pie.json */; };
		9AB9D2E51BC0ED0700798D4B /* AdManager.swift in Sources */ = {isa = PBXBuildFile; fileRef = 9AB9D2E41BC0ED0700798D4B /* AdManager.swift */; settings = {ASSET_TAGS = (); }; };
		9AB9D2E71BC0ED2100798D4B /* AdConstraints.swift in Sources */ = {isa = PBXBuildFile; fileRef = 9AB9D2E61BC0ED2100798D4B /* AdConstraints.swift */; settings = {ASSET_TAGS = (); }; };
		9AB9D2E91BC0ED5500798D4B /* BaseUserDefaultManager.swift in Sources */ = {isa = PBXBuildFile; fileRef = 9AB9D2E81BC0ED5500798D4B /* BaseUserDefaultManager.swift */; settings = {ASSET_TAGS = (); }; };
		9AB9D2ED1BC0EDEA00798D4B /* ViewController+GoogleMobileAd.swift in Sources */ = {isa = PBXBuildFile; fileRef = 9AB9D2EC1BC0EDEA00798D4B /* ViewController+GoogleMobileAd.swift */; settings = {ASSET_TAGS = (); }; };
		AF68F8B3D5341E2C18FA47F7 /* Pods.framework in Frameworks */ = {isa = PBXBuildFile; fileRef = 20F6D80BE63DC5096FDE3B1C /* Pods.framework */; settings = {ATTRIBUTES = (Weak, ); }; };
/* End PBXBuildFile section */

/* Begin PBXContainerItemProxy section */
		9A25157D1A6A6C1000BBA3A5 /* PBXContainerItemProxy */ = {
			isa = PBXContainerItemProxy;
			containerPortal = 9A25155F1A6A6C0F00BBA3A5 /* Project object */;
			proxyType = 1;
			remoteGlobalIDString = 9A2515661A6A6C1000BBA3A5;
			remoteInfo = Omojan;
		};
/* End PBXContainerItemProxy section */

/* Begin PBXFileReference section */
		059BDAFEA7113926CFA8B6F3 /* Pods_Omojan.framework */ = {isa = PBXFileReference; explicitFileType = wrapper.framework; includeInIndex = 0; path = Pods_Omojan.framework; sourceTree = BUILT_PRODUCTS_DIR; };
		20F6D80BE63DC5096FDE3B1C /* Pods.framework */ = {isa = PBXFileReference; explicitFileType = wrapper.framework; includeInIndex = 0; path = Pods.framework; sourceTree = BUILT_PRODUCTS_DIR; };
		554DE2B9799C4AB19729D9DB /* Pods.debug.xcconfig */ = {isa = PBXFileReference; includeInIndex = 1; lastKnownFileType = text.xcconfig; name = Pods.debug.xcconfig; path = "Pods/Target Support Files/Pods/Pods.debug.xcconfig"; sourceTree = "<group>"; };
		6A25EEC8271DB5F9733BB0CE /* Pods.release.xcconfig */ = {isa = PBXFileReference; includeInIndex = 1; lastKnownFileType = text.xcconfig; name = Pods.release.xcconfig; path = "Pods/Target Support Files/Pods/Pods.release.xcconfig"; sourceTree = "<group>"; };
		9A2515671A6A6C1000BBA3A5 /* Omojan.app */ = {isa = PBXFileReference; explicitFileType = wrapper.application; includeInIndex = 0; path = Omojan.app; sourceTree = BUILT_PRODUCTS_DIR; };
		9A25156B1A6A6C1000BBA3A5 /* Info.plist */ = {isa = PBXFileReference; lastKnownFileType = text.plist.xml; path = Info.plist; sourceTree = "<group>"; };
		9A25156C1A6A6C1000BBA3A5 /* AppDelegate.swift */ = {isa = PBXFileReference; lastKnownFileType = sourcecode.swift; path = AppDelegate.swift; sourceTree = "<group>"; };
		9A25156E1A6A6C1000BBA3A5 /* ViewController.swift */ = {isa = PBXFileReference; lastKnownFileType = sourcecode.swift; path = ViewController.swift; sourceTree = "<group>"; };
		9A2515711A6A6C1000BBA3A5 /* Base */ = {isa = PBXFileReference; lastKnownFileType = file.storyboard; name = Base; path = Base.lproj/Main.storyboard; sourceTree = "<group>"; };
		9A2515731A6A6C1000BBA3A5 /* Images.xcassets */ = {isa = PBXFileReference; lastKnownFileType = folder.assetcatalog; path = Images.xcassets; sourceTree = "<group>"; };
		9A2515761A6A6C1000BBA3A5 /* Base */ = {isa = PBXFileReference; lastKnownFileType = file.xib; name = Base; path = Base.lproj/LaunchScreen.xib; sourceTree = "<group>"; };
		9A25157C1A6A6C1000BBA3A5 /* OmojanTests.xctest */ = {isa = PBXFileReference; explicitFileType = wrapper.cfbundle; includeInIndex = 0; path = OmojanTests.xctest; sourceTree = BUILT_PRODUCTS_DIR; };
		9A2515811A6A6C1000BBA3A5 /* Info.plist */ = {isa = PBXFileReference; lastKnownFileType = text.plist.xml; path = Info.plist; sourceTree = "<group>"; };
		9A2515821A6A6C1000BBA3A5 /* OmojanTests.swift */ = {isa = PBXFileReference; lastKnownFileType = sourcecode.swift; path = OmojanTests.swift; sourceTree = "<group>"; };
		9A25158C1A6A795E00BBA3A5 /* Omojan-Bridging-Header.h */ = {isa = PBXFileReference; lastKnownFileType = sourcecode.c.h; path = "Omojan-Bridging-Header.h"; sourceTree = "<group>"; };
		9A25158F1A6A89DC00BBA3A5 /* pie.png */ = {isa = PBXFileReference; lastKnownFileType = image.png; path = pie.png; sourceTree = "<group>"; };
		9A5B25711A7CF1F800CCB0B4 /* Pie.json */ = {isa = PBXFileReference; fileEncoding = 4; lastKnownFileType = text.json; path = Pie.json; sourceTree = "<group>"; };
		9AB9D2E41BC0ED0700798D4B /* AdManager.swift */ = {isa = PBXFileReference; fileEncoding = 4; lastKnownFileType = sourcecode.swift; path = AdManager.swift; sourceTree = "<group>"; };
		9AB9D2E61BC0ED2100798D4B /* AdConstraints.swift */ = {isa = PBXFileReference; fileEncoding = 4; lastKnownFileType = sourcecode.swift; path = AdConstraints.swift; sourceTree = "<group>"; };
		9AB9D2E81BC0ED5500798D4B /* BaseUserDefaultManager.swift */ = {isa = PBXFileReference; fileEncoding = 4; lastKnownFileType = sourcecode.swift; path = BaseUserDefaultManager.swift; sourceTree = "<group>"; };
		9AB9D2EC1BC0EDEA00798D4B /* ViewController+GoogleMobileAd.swift */ = {isa = PBXFileReference; fileEncoding = 4; lastKnownFileType = sourcecode.swift; path = "ViewController+GoogleMobileAd.swift"; sourceTree = "<group>"; };
		9AD77EBC1A7A5E8900D3B7F1 /* AVFoundation.framework */ = {isa = PBXFileReference; lastKnownFileType = wrapper.framework; name = AVFoundation.framework; path = System/Library/Frameworks/AVFoundation.framework; sourceTree = SDKROOT; };
		9AD77EBE1A7A5F3000D3B7F1 /* MessageUI.framework */ = {isa = PBXFileReference; lastKnownFileType = wrapper.framework; name = MessageUI.framework; path = System/Library/Frameworks/MessageUI.framework; sourceTree = SDKROOT; };
		9AD77EC01A7A5F5000D3B7F1 /* AdSupport.framework */ = {isa = PBXFileReference; lastKnownFileType = wrapper.framework; name = AdSupport.framework; path = System/Library/Frameworks/AdSupport.framework; sourceTree = SDKROOT; };
		9AD77EC21A7A5F5B00D3B7F1 /* AudioToolbox.framework */ = {isa = PBXFileReference; lastKnownFileType = wrapper.framework; name = AudioToolbox.framework; path = System/Library/Frameworks/AudioToolbox.framework; sourceTree = SDKROOT; };
		9AD77EC41A7A5F6400D3B7F1 /* StoreKit.framework */ = {isa = PBXFileReference; lastKnownFileType = wrapper.framework; name = StoreKit.framework; path = System/Library/Frameworks/StoreKit.framework; sourceTree = SDKROOT; };
		9AD77EC61A7A5F7300D3B7F1 /* SystemConfiguration.framework */ = {isa = PBXFileReference; lastKnownFileType = wrapper.framework; name = SystemConfiguration.framework; path = System/Library/Frameworks/SystemConfiguration.framework; sourceTree = SDKROOT; };
		9AD77EC81A7A5F7D00D3B7F1 /* CoreTelephony.framework */ = {isa = PBXFileReference; lastKnownFileType = wrapper.framework; name = CoreTelephony.framework; path = System/Library/Frameworks/CoreTelephony.framework; sourceTree = SDKROOT; };
/* End PBXFileReference section */

/* Begin PBXFrameworksBuildPhase section */
		9A2515641A6A6C1000BBA3A5 /* Frameworks */ = {
			isa = PBXFrameworksBuildPhase;
			buildActionMask = 2147483647;
			files = (
				AF68F8B3D5341E2C18FA47F7 /* Pods.framework in Frameworks */,
				8228D56F59AEA5FFDA9BA13F /* Pods_Omojan.framework in Frameworks */,
			);
			runOnlyForDeploymentPostprocessing = 0;
		};
		9A2515791A6A6C1000BBA3A5 /* Frameworks */ = {
			isa = PBXFrameworksBuildPhase;
			buildActionMask = 2147483647;
			files = (
			);
			runOnlyForDeploymentPostprocessing = 0;
		};
/* End PBXFrameworksBuildPhase section */

/* Begin PBXGroup section */
		5063A283EEA4D7F952909548 /* Frameworks */ = {
			isa = PBXGroup;
			children = (
				9AD77EC81A7A5F7D00D3B7F1 /* CoreTelephony.framework */,
				9AD77EC61A7A5F7300D3B7F1 /* SystemConfiguration.framework */,
				9AD77EC41A7A5F6400D3B7F1 /* StoreKit.framework */,
				9AD77EC21A7A5F5B00D3B7F1 /* AudioToolbox.framework */,
				9AD77EC01A7A5F5000D3B7F1 /* AdSupport.framework */,
				9AD77EBE1A7A5F3000D3B7F1 /* MessageUI.framework */,
				9AD77EBC1A7A5E8900D3B7F1 /* AVFoundation.framework */,
				20F6D80BE63DC5096FDE3B1C /* Pods.framework */,
				059BDAFEA7113926CFA8B6F3 /* Pods_Omojan.framework */,
			);
			name = Frameworks;
			sourceTree = "<group>";
		};
		6593C8F1941CE43A1CD60933 /* Pods */ = {
			isa = PBXGroup;
			children = (
				554DE2B9799C4AB19729D9DB /* Pods.debug.xcconfig */,
				6A25EEC8271DB5F9733BB0CE /* Pods.release.xcconfig */,
			);
			name = Pods;
			sourceTree = "<group>";
		};
		9A25155E1A6A6C0F00BBA3A5 = {
			isa = PBXGroup;
			children = (
				9A2515691A6A6C1000BBA3A5 /* Omojan */,
				9A25157F1A6A6C1000BBA3A5 /* OmojanTests */,
				9A2515681A6A6C1000BBA3A5 /* Products */,
				6593C8F1941CE43A1CD60933 /* Pods */,
				5063A283EEA4D7F952909548 /* Frameworks */,
			);
			sourceTree = "<group>";
		};
		9A2515681A6A6C1000BBA3A5 /* Products */ = {
			isa = PBXGroup;
			children = (
				9A2515671A6A6C1000BBA3A5 /* Omojan.app */,
				9A25157C1A6A6C1000BBA3A5 /* OmojanTests.xctest */,
			);
			name = Products;
			sourceTree = "<group>";
		};
		9A2515691A6A6C1000BBA3A5 /* Omojan */ = {
			isa = PBXGroup;
			children = (
				9A2515701A6A6C1000BBA3A5 /* Main.storyboard */,
				9A25158F1A6A89DC00BBA3A5 /* pie.png */,
				9A2515731A6A6C1000BBA3A5 /* Images.xcassets */,
				9A2515751A6A6C1000BBA3A5 /* LaunchScreen.xib */,
				9AB9D2E01BC0ECBE00798D4B /* AppDelegate */,
				9AB9D2E11BC0ECDE00798D4B /* Common */,
				9AB9D2EB1BC0EDB300798D4B /* Model */,
				9AB9D2EA1BC0EDA400798D4B /* Controller */,
				9A25156A1A6A6C1000BBA3A5 /* Supporting Files */,
				9A25158C1A6A795E00BBA3A5 /* Omojan-Bridging-Header.h */,
			);
			path = Omojan;
			sourceTree = "<group>";
		};
		9A25156A1A6A6C1000BBA3A5 /* Supporting Files */ = {
			isa = PBXGroup;
			children = (
				9A25156B1A6A6C1000BBA3A5 /* Info.plist */,
			);
			name = "Supporting Files";
			sourceTree = "<group>";
		};
		9A25157F1A6A6C1000BBA3A5 /* OmojanTests */ = {
			isa = PBXGroup;
			children = (
				9A2515821A6A6C1000BBA3A5 /* OmojanTests.swift */,
				9A2515801A6A6C1000BBA3A5 /* Supporting Files */,
			);
			path = OmojanTests;
			sourceTree = "<group>";
		};
		9A2515801A6A6C1000BBA3A5 /* Supporting Files */ = {
			isa = PBXGroup;
			children = (
				9A2515811A6A6C1000BBA3A5 /* Info.plist */,
			);
			name = "Supporting Files";
			sourceTree = "<group>";
		};
		9AB9D2E01BC0ECBE00798D4B /* AppDelegate */ = {
			isa = PBXGroup;
			children = (
				9A25156C1A6A6C1000BBA3A5 /* AppDelegate.swift */,
			);
			name = AppDelegate;
			sourceTree = "<group>";
		};
		9AB9D2E11BC0ECDE00798D4B /* Common */ = {
			isa = PBXGroup;
			children = (
				9AB9D2E21BC0ECE700798D4B /* UserDefaults */,
			);
			name = Common;
			sourceTree = "<group>";
		};
		9AB9D2E21BC0ECE700798D4B /* UserDefaults */ = {
			isa = PBXGroup;
			children = (
				9AB9D2E31BC0ECF200798D4B /* Ad */,
				9AB9D2E81BC0ED5500798D4B /* BaseUserDefaultManager.swift */,
			);
			name = UserDefaults;
			sourceTree = "<group>";
		};
		9AB9D2E31BC0ECF200798D4B /* Ad */ = {
			isa = PBXGroup;
			children = (
				9AB9D2E41BC0ED0700798D4B /* AdManager.swift */,
				9AB9D2E61BC0ED2100798D4B /* AdConstraints.swift */,
			);
			name = Ad;
			sourceTree = "<group>";
		};
		9AB9D2EA1BC0EDA400798D4B /* Controller */ = {
			isa = PBXGroup;
			children = (
				9A25156E1A6A6C1000BBA3A5 /* ViewController.swift */,
				9AB9D2EC1BC0EDEA00798D4B /* ViewController+GoogleMobileAd.swift */,
			);
			name = Controller;
			sourceTree = "<group>";
		};
		9AB9D2EB1BC0EDB300798D4B /* Model */ = {
			isa = PBXGroup;
			children = (
				9A5B25711A7CF1F800CCB0B4 /* Pie.json */,
			);
			name = Model;
			sourceTree = "<group>";
		};
/* End PBXGroup section */

/* Begin PBXNativeTarget section */
		9A2515661A6A6C1000BBA3A5 /* Omojan */ = {
			isa = PBXNativeTarget;
			buildConfigurationList = 9A2515861A6A6C1000BBA3A5 /* Build configuration list for PBXNativeTarget "Omojan" */;
			buildPhases = (
				35B320E60E03D40B6C46A730 /* Check Pods Manifest.lock */,
				9A2515631A6A6C1000BBA3A5 /* Sources */,
				9A2515641A6A6C1000BBA3A5 /* Frameworks */,
				9A2515651A6A6C1000BBA3A5 /* Resources */,
				A3C81EC03758F046FA4BF5B5 /* Copy Pods Resources */,
				56FE14067B679C6E3FB491AA /* Embed Pods Frameworks */,
			);
			buildRules = (
			);
			dependencies = (
			);
			name = Omojan;
			productName = Omojan;
			productReference = 9A2515671A6A6C1000BBA3A5 /* Omojan.app */;
			productType = "com.apple.product-type.application";
		};
		9A25157B1A6A6C1000BBA3A5 /* OmojanTests */ = {
			isa = PBXNativeTarget;
			buildConfigurationList = 9A2515891A6A6C1000BBA3A5 /* Build configuration list for PBXNativeTarget "OmojanTests" */;
			buildPhases = (
				9A2515781A6A6C1000BBA3A5 /* Sources */,
				9A2515791A6A6C1000BBA3A5 /* Frameworks */,
				9A25157A1A6A6C1000BBA3A5 /* Resources */,
			);
			buildRules = (
			);
			dependencies = (
				9A25157E1A6A6C1000BBA3A5 /* PBXTargetDependency */,
			);
			name = OmojanTests;
			productName = OmojanTests;
			productReference = 9A25157C1A6A6C1000BBA3A5 /* OmojanTests.xctest */;
			productType = "com.apple.product-type.bundle.unit-test";
		};
/* End PBXNativeTarget section */

/* Begin PBXProject section */
		9A25155F1A6A6C0F00BBA3A5 /* Project object */ = {
			isa = PBXProject;
			attributes = {
				LastSwiftMigration = 0700;
				LastSwiftUpdateCheck = 0700;
				LastUpgradeCheck = 0700;
				ORGANIZATIONNAME = naoyashiga;
				TargetAttributes = {
					9A2515661A6A6C1000BBA3A5 = {
						CreatedOnToolsVersion = 6.1.1;
					};
					9A25157B1A6A6C1000BBA3A5 = {
						CreatedOnToolsVersion = 6.1.1;
						TestTargetID = 9A2515661A6A6C1000BBA3A5;
					};
				};
			};
			buildConfigurationList = 9A2515621A6A6C0F00BBA3A5 /* Build configuration list for PBXProject "Omojan" */;
			compatibilityVersion = "Xcode 3.2";
			developmentRegion = English;
			hasScannedForEncodings = 0;
			knownRegions = (
				en,
				Base,
			);
			mainGroup = 9A25155E1A6A6C0F00BBA3A5;
			productRefGroup = 9A2515681A6A6C1000BBA3A5 /* Products */;
			projectDirPath = "";
			projectRoot = "";
			targets = (
				9A2515661A6A6C1000BBA3A5 /* Omojan */,
				9A25157B1A6A6C1000BBA3A5 /* OmojanTests */,
			);
		};
/* End PBXProject section */

/* Begin PBXResourcesBuildPhase section */
		9A2515651A6A6C1000BBA3A5 /* Resources */ = {
			isa = PBXResourcesBuildPhase;
			buildActionMask = 2147483647;
			files = (
				9A5B25721A7CF1F800CCB0B4 /* Pie.json in Resources */,
				9A2515901A6A89DC00BBA3A5 /* pie.png in Resources */,
				9A2515721A6A6C1000BBA3A5 /* Main.storyboard in Resources */,
				9A2515771A6A6C1000BBA3A5 /* LaunchScreen.xib in Resources */,
				9A2515741A6A6C1000BBA3A5 /* Images.xcassets in Resources */,
			);
			runOnlyForDeploymentPostprocessing = 0;
		};
		9A25157A1A6A6C1000BBA3A5 /* Resources */ = {
			isa = PBXResourcesBuildPhase;
			buildActionMask = 2147483647;
			files = (
			);
			runOnlyForDeploymentPostprocessing = 0;
		};
/* End PBXResourcesBuildPhase section */

/* Begin PBXShellScriptBuildPhase section */
		35B320E60E03D40B6C46A730 /* Check Pods Manifest.lock */ = {
			isa = PBXShellScriptBuildPhase;
			buildActionMask = 2147483647;
			files = (
			);
			inputPaths = (
			);
			name = "Check Pods Manifest.lock";
			outputPaths = (
			);
			runOnlyForDeploymentPostprocessing = 0;
			shellPath = /bin/sh;
			shellScript = "diff \"${PODS_ROOT}/../Podfile.lock\" \"${PODS_ROOT}/Manifest.lock\" > /dev/null\nif [[ $? != 0 ]] ; then\n    cat << EOM\nerror: The sandbox is not in sync with the Podfile.lock. Run 'pod install' or update your CocoaPods installation.\nEOM\n    exit 1\nfi\n";
			showEnvVarsInLog = 0;
		};
		56FE14067B679C6E3FB491AA /* Embed Pods Frameworks */ = {
			isa = PBXShellScriptBuildPhase;
			buildActionMask = 2147483647;
			files = (
			);
			inputPaths = (
			);
			name = "Embed Pods Frameworks";
			outputPaths = (
			);
			runOnlyForDeploymentPostprocessing = 0;
			shellPath = /bin/sh;
			shellScript = "\"${SRCROOT}/Pods/Target Support Files/Pods-Omojan/Pods-Omojan-frameworks.sh\"\n";
			showEnvVarsInLog = 0;
		};
		A3C81EC03758F046FA4BF5B5 /* Copy Pods Resources */ = {
			isa = PBXShellScriptBuildPhase;
			buildActionMask = 2147483647;
			files = (
			);
			inputPaths = (
			);
			name = "Copy Pods Resources";
			outputPaths = (
			);
			runOnlyForDeploymentPostprocessing = 0;
			shellPath = /bin/sh;
			shellScript = "\"${SRCROOT}/Pods/Target Support Files/Pods-Omojan/Pods-Omojan-resources.sh\"\n";
			showEnvVarsInLog = 0;
		};
/* End PBXShellScriptBuildPhase section */

/* Begin PBXSourcesBuildPhase section */
		9A2515631A6A6C1000BBA3A5 /* Sources */ = {
			isa = PBXSourcesBuildPhase;
			buildActionMask = 2147483647;
			files = (
				9AB9D2E51BC0ED0700798D4B /* AdManager.swift in Sources */,
				9AB9D2E91BC0ED5500798D4B /* BaseUserDefaultManager.swift in Sources */,
				9AB9D2ED1BC0EDEA00798D4B /* ViewController+GoogleMobileAd.swift in Sources */,
				9A25156F1A6A6C1000BBA3A5 /* ViewController.swift in Sources */,
				9A25156D1A6A6C1000BBA3A5 /* AppDelegate.swift in Sources */,
				9AB9D2E71BC0ED2100798D4B /* AdConstraints.swift in Sources */,
			);
			runOnlyForDeploymentPostprocessing = 0;
		};
		9A2515781A6A6C1000BBA3A5 /* Sources */ = {
			isa = PBXSourcesBuildPhase;
			buildActionMask = 2147483647;
			files = (
				9A2515831A6A6C1000BBA3A5 /* OmojanTests.swift in Sources */,
			);
			runOnlyForDeploymentPostprocessing = 0;
		};
/* End PBXSourcesBuildPhase section */

/* Begin PBXTargetDependency section */
		9A25157E1A6A6C1000BBA3A5 /* PBXTargetDependency */ = {
			isa = PBXTargetDependency;
			target = 9A2515661A6A6C1000BBA3A5 /* Omojan */;
			targetProxy = 9A25157D1A6A6C1000BBA3A5 /* PBXContainerItemProxy */;
		};
/* End PBXTargetDependency section */

/* Begin PBXVariantGroup section */
		9A2515701A6A6C1000BBA3A5 /* Main.storyboard */ = {
			isa = PBXVariantGroup;
			children = (
				9A2515711A6A6C1000BBA3A5 /* Base */,
			);
			name = Main.storyboard;
			sourceTree = "<group>";
		};
		9A2515751A6A6C1000BBA3A5 /* LaunchScreen.xib */ = {
			isa = PBXVariantGroup;
			children = (
				9A2515761A6A6C1000BBA3A5 /* Base */,
			);
			name = LaunchScreen.xib;
			sourceTree = "<group>";
		};
/* End PBXVariantGroup section */

/* Begin XCBuildConfiguration section */
		9A2515841A6A6C1000BBA3A5 /* Debug */ = {
			isa = XCBuildConfiguration;
			buildSettings = {
				ALWAYS_SEARCH_USER_PATHS = NO;
				CLANG_CXX_LANGUAGE_STANDARD = "gnu++0x";
				CLANG_CXX_LIBRARY = "libc++";
				CLANG_ENABLE_MODULES = YES;
				CLANG_ENABLE_OBJC_ARC = YES;
				CLANG_WARN_BOOL_CONVERSION = YES;
				CLANG_WARN_CONSTANT_CONVERSION = YES;
				CLANG_WARN_DIRECT_OBJC_ISA_USAGE = YES_ERROR;
				CLANG_WARN_EMPTY_BODY = YES;
				CLANG_WARN_ENUM_CONVERSION = YES;
				CLANG_WARN_INT_CONVERSION = YES;
				CLANG_WARN_OBJC_ROOT_CLASS = YES_ERROR;
				CLANG_WARN_UNREACHABLE_CODE = YES;
				CLANG_WARN__DUPLICATE_METHOD_MATCH = YES;
				CODE_SIGN_IDENTITY = "iPhone Distribution: Naoya Sugimoto (S8GGSYBVK5)";
				"CODE_SIGN_IDENTITY[sdk=iphoneos*]" = "iPhone Distribution: Naoya Sugimoto (S8GGSYBVK5)";
				COPY_PHASE_STRIP = NO;
				ENABLE_STRICT_OBJC_MSGSEND = YES;
				ENABLE_TESTABILITY = YES;
				GCC_C_LANGUAGE_STANDARD = gnu99;
				GCC_DYNAMIC_NO_PIC = NO;
				GCC_OPTIMIZATION_LEVEL = 0;
				GCC_PREPROCESSOR_DEFINITIONS = (
					"DEBUG=1",
					"$(inherited)",
				);
				GCC_SYMBOLS_PRIVATE_EXTERN = NO;
				GCC_WARN_64_TO_32_BIT_CONVERSION = YES;
				GCC_WARN_ABOUT_RETURN_TYPE = YES_ERROR;
				GCC_WARN_UNDECLARED_SELECTOR = YES;
				GCC_WARN_UNINITIALIZED_AUTOS = YES_AGGRESSIVE;
				GCC_WARN_UNUSED_FUNCTION = YES;
				GCC_WARN_UNUSED_VARIABLE = YES;
				IPHONEOS_DEPLOYMENT_TARGET = 8.1;
				MTL_ENABLE_DEBUG_INFO = YES;
				ONLY_ACTIVE_ARCH = YES;
				"OTHER_LDFLAGS[arch=*]" = "-ObjC";
				PROVISIONING_PROFILE = "10529118-5e9e-484f-b9ce-b4600550391d";
				SDKROOT = iphoneos;
				SWIFT_OPTIMIZATION_LEVEL = "-Onone";
			};
			name = Debug;
		};
		9A2515851A6A6C1000BBA3A5 /* Release */ = {
			isa = XCBuildConfiguration;
			buildSettings = {
				ALWAYS_SEARCH_USER_PATHS = NO;
				CLANG_CXX_LANGUAGE_STANDARD = "gnu++0x";
				CLANG_CXX_LIBRARY = "libc++";
				CLANG_ENABLE_MODULES = YES;
				CLANG_ENABLE_OBJC_ARC = YES;
				CLANG_WARN_BOOL_CONVERSION = YES;
				CLANG_WARN_CONSTANT_CONVERSION = YES;
				CLANG_WARN_DIRECT_OBJC_ISA_USAGE = YES_ERROR;
				CLANG_WARN_EMPTY_BODY = YES;
				CLANG_WARN_ENUM_CONVERSION = YES;
				CLANG_WARN_INT_CONVERSION = YES;
				CLANG_WARN_OBJC_ROOT_CLASS = YES_ERROR;
				CLANG_WARN_UNREACHABLE_CODE = YES;
				CLANG_WARN__DUPLICATE_METHOD_MATCH = YES;
				CODE_SIGN_IDENTITY = "iPhone Distribution: Naoya Sugimoto (S8GGSYBVK5)";
				"CODE_SIGN_IDENTITY[sdk=iphoneos*]" = "iPhone Distribution: Naoya Sugimoto (S8GGSYBVK5)";
				COPY_PHASE_STRIP = YES;
				ENABLE_NS_ASSERTIONS = NO;
				ENABLE_STRICT_OBJC_MSGSEND = YES;
				GCC_C_LANGUAGE_STANDARD = gnu99;
				GCC_WARN_64_TO_32_BIT_CONVERSION = YES;
				GCC_WARN_ABOUT_RETURN_TYPE = YES_ERROR;
				GCC_WARN_UNDECLARED_SELECTOR = YES;
				GCC_WARN_UNINITIALIZED_AUTOS = YES_AGGRESSIVE;
				GCC_WARN_UNUSED_FUNCTION = YES;
				GCC_WARN_UNUSED_VARIABLE = YES;
				IPHONEOS_DEPLOYMENT_TARGET = 8.1;
				MTL_ENABLE_DEBUG_INFO = NO;
				"OTHER_LDFLAGS[arch=*]" = "-ObjC";
				PROVISIONING_PROFILE = "10529118-5e9e-484f-b9ce-b4600550391d";
				SDKROOT = iphoneos;
				VALIDATE_PRODUCT = YES;
			};
			name = Release;
		};
		9A2515871A6A6C1000BBA3A5 /* Debug */ = {
			isa = XCBuildConfiguration;
			baseConfigurationReference = 554DE2B9799C4AB19729D9DB /* Pods.debug.xcconfig */;
			buildSettings = {
				ASSETCATALOG_COMPILER_APPICON_NAME = AppIcon;
				CLANG_ENABLE_MODULES = YES;
				CODE_SIGN_IDENTITY = "iPhone Distribution: Naoya Sugimoto (S8GGSYBVK5)";
				ENABLE_BITCODE = NO;
				INFOPLIST_FILE = Omojan/Info.plist;
				LD_RUNPATH_SEARCH_PATHS = "$(inherited) @executable_path/Frameworks";
				LIBRARY_SEARCH_PATHS = (
					"$(inherited)",
					"$(PROJECT_DIR)/GoogleMobileAdsSdkiOS-6.12.2",
				);
				PRODUCT_BUNDLE_IDENTIFIER = com.naoyashiga.Omojan;
				PRODUCT_NAME = "$(TARGET_NAME)";
				PROVISIONING_PROFILE = "10529118-5e9e-484f-b9ce-b4600550391d";
				SWIFT_OBJC_BRIDGING_HEADER = "Omojan/Omojan-Bridging-Header.h";
				SWIFT_OPTIMIZATION_LEVEL = "-Onone";
				TARGETED_DEVICE_FAMILY = 1;
			};
			name = Debug;
		};
		9A2515881A6A6C1000BBA3A5 /* Release */ = {
			isa = XCBuildConfiguration;
			baseConfigurationReference = 6A25EEC8271DB5F9733BB0CE /* Pods.release.xcconfig */;
			buildSettings = {
				ASSETCATALOG_COMPILER_APPICON_NAME = AppIcon;
				CLANG_ENABLE_MODULES = YES;
				CODE_SIGN_IDENTITY = "iPhone Distribution: Naoya Sugimoto (S8GGSYBVK5)";
				ENABLE_BITCODE = NO;
				INFOPLIST_FILE = Omojan/Info.plist;
				LD_RUNPATH_SEARCH_PATHS = "$(inherited) @executable_path/Frameworks";
				LIBRARY_SEARCH_PATHS = (
					"$(inherited)",
					"$(PROJECT_DIR)/GoogleMobileAdsSdkiOS-6.12.2",
				);
				PRODUCT_BUNDLE_IDENTIFIER = com.naoyashiga.Omojan;
				PRODUCT_NAME = "$(TARGET_NAME)";
				PROVISIONING_PROFILE = "10529118-5e9e-484f-b9ce-b4600550391d";
				SWIFT_OBJC_BRIDGING_HEADER = "Omojan/Omojan-Bridging-Header.h";
				TARGETED_DEVICE_FAMILY = 1;
			};
			name = Release;
		};
		9A25158A1A6A6C1000BBA3A5 /* Debug */ = {
			isa = XCBuildConfiguration;
			buildSettings = {
				BUNDLE_LOADER = "$(TEST_HOST)";
				FRAMEWORK_SEARCH_PATHS = (
					"$(SDKROOT)/Developer/Library/Frameworks",
					"$(inherited)",
				);
				GCC_PREPROCESSOR_DEFINITIONS = (
					"DEBUG=1",
					"$(inherited)",
				);
				INFOPLIST_FILE = OmojanTests/Info.plist;
				LD_RUNPATH_SEARCH_PATHS = "$(inherited) @executable_path/Frameworks @loader_path/Frameworks";
				PRODUCT_BUNDLE_IDENTIFIER = com.naoyashiga.Omojan;
				PRODUCT_NAME = "$(TARGET_NAME)";
				TEST_HOST = "$(BUILT_PRODUCTS_DIR)/Omojan.app/Omojan";
			};
			name = Debug;
		};
		9A25158B1A6A6C1000BBA3A5 /* Release */ = {
			isa = XCBuildConfiguration;
			buildSettings = {
				BUNDLE_LOADER = "$(TEST_HOST)";
				FRAMEWORK_SEARCH_PATHS = (
					"$(SDKROOT)/Developer/Library/Frameworks",
					"$(inherited)",
				);
				INFOPLIST_FILE = OmojanTests/Info.plist;
				LD_RUNPATH_SEARCH_PATHS = "$(inherited) @executable_path/Frameworks @loader_path/Frameworks";
				PRODUCT_BUNDLE_IDENTIFIER = com.naoyashiga.Omojan;
				PRODUCT_NAME = "$(TARGET_NAME)";
				TEST_HOST = "$(BUILT_PRODUCTS_DIR)/Omojan.app/Omojan";
			};
			name = Release;
		};
/* End XCBuildConfiguration section */

/* Begin XCConfigurationList section */
		9A2515621A6A6C0F00BBA3A5 /* Build configuration list for PBXProject "Omojan" */ = {
			isa = XCConfigurationList;
			buildConfigurations = (
				9A2515841A6A6C1000BBA3A5 /* Debug */,
				9A2515851A6A6C1000BBA3A5 /* Release */,
			);
			defaultConfigurationIsVisible = 0;
			defaultConfigurationName = Release;
		};
		9A2515861A6A6C1000BBA3A5 /* Build configuration list for PBXNativeTarget "Omojan" */ = {
			isa = XCConfigurationList;
			buildConfigurations = (
				9A2515871A6A6C1000BBA3A5 /* Debug */,
				9A2515881A6A6C1000BBA3A5 /* Release */,
			);
			defaultConfigurationIsVisible = 0;
			defaultConfigurationName = Release;
		};
		9A2515891A6A6C1000BBA3A5 /* Build configuration list for PBXNativeTarget "OmojanTests" */ = {
			isa = XCConfigurationList;
			buildConfigurations = (
				9A25158A1A6A6C1000BBA3A5 /* Debug */,
				9A25158B1A6A6C1000BBA3A5 /* Release */,
			);
			defaultConfigurationIsVisible = 0;
			defaultConfigurationName = Release;
		};
/* End XCConfigurationList section */
	};
	rootObject = 9A25155F1A6A6C0F00BBA3A5 /* Project object */;
}
